
Microsoft Visual Studio Solution File, Format Version 12.00
# Visual Studio Version 17
VisualStudioVersion = 17.5.33627.172
MinimumVisualStudioVersion = 10.0.40219.1
Project("{FAE04EC0-301F-11D3-BF4B-00C04F79EFBC}") = "FirstProj", "FirstProj\FirstProj.csproj", "{A59DAE0E-E849-47F0-83E0-9CC389761CA7}"
EndProject
Global
	GlobalSection(SolutionConfigurationPlatforms) = preSolution
		Debug|Any CPU = Debug|Any CPU
		Release|Any CPU = Release|Any CPU
	EndGlobalSection
	GlobalSection(ProjectConfigurationPlatforms) = postSolution
		{A59DAE0E-E849-47F0-83E0-9CC389761CA7}.Debug|Any CPU.ActiveCfg = Debug|Any CPU
		{A59DAE0E-E849-47F0-83E0-9CC389761CA7}.Debug|Any CPU.Build.0 = Debug|Any CPU
		{A59DAE0E-E849-47F0-83E0-9CC389761CA7}.Release|Any CPU.ActiveCfg = Release|Any CPU
		{A59DAE0E-E849-47F0-83E0-9CC389761CA7}.Release|Any CPU.Build.0 = Release|Any CPU
	EndGlobalSection
	GlobalSection(SolutionProperties) = preSolution
		HideSolutionNode = FALSE
	EndGlobalSection
	GlobalSection(ExtensibilityGlobals) = postSolution
		SolutionGuid = {CFA4E14E-DE36-4E7B-B4EC-FBEDA6A4350E}
	EndGlobalSection
EndGlobal
